{
  "name": "functions",
  "version": "1.0.0",
  "lockfileVersion": 3,
  "requires": true,
  "packages": {
    "": {
      "version": "1.0.0",
      "devDependencies": {
        "@azure/functions": "^1.0.2-beta2",
        "typescript": "^6.0.3"
      }
    },
    "node_modules/@azure/functions": {
      "version": "1.2.2",
      "resolved": "https://registry.npmjs.org/@azure/functions/-/functions-1.2.2.tgz",
      "integrity": "sha512-p/dDHq1sG/iAib+eDY4NxskWHoHW1WFzD85s0SfWxc2wVjJbxB0xz/zBF4s7ymjVgTu+0ceipeBk+tmpnt98oA==",
      "dev": true
    },
    "node_modules/typescript": {
      "version": "6.0.3",
      "resolved": "https://registry.npmjs.org/typescript/-/typescript-6.0.3.tgz",
      "integrity": "sha512-y2TvuxSZPDyQakkFRPZHKFm+KKVqIisdg9/CZwm9ftvKXLP8NRWj38/ODjNbr43SsoXqNuAisEf1GdCxqWcdBw==",
      "dev": true,
      "license": "Apache-2.0",
      "bin": {
        "tsc": "bin/tsc",
        "tsserver": "bin/tsserver"
      },
      "engines": {
        "node": ">=14.17"
      }
    }
  }
}
